
Microsoft Visual Studio Solution File, Format Version 12.00
# Visual Studio Version 16
VisualStudioVersion = 16.0.30523.141
MinimumVisualStudioVersion = 10.0.40219.1
Project("{FAE04EC0-301F-11D3-BF4B-00C04F79EFBC}") = "EF1", "EF1.csproj", "{D2C030FA-F14B-4F0A-A488-6A0A99C7584C}"
EndProject
Global
	GlobalSection(SolutionConfigurationPlatforms) = preSolution
		Debug|Any CPU = Debug|Any CPU
		Release|Any CPU = Release|Any CPU
	EndGlobalSection
	GlobalSection(ProjectConfigurationPlatforms) = postSolution
		{D2C030FA-F14B-4F0A-A488-6A0A99C7584C}.Debug|Any CPU.ActiveCfg = Debug|Any CPU
		{D2C030FA-F14B-4F0A-A488-6A0A99C7584C}.Debug|Any CPU.Build.0 = Debug|Any CPU
		{D2C030FA-F14B-4F0A-A488-6A0A99C7584C}.Release|Any CPU.ActiveCfg = Release|Any CPU
		{D2C030FA-F14B-4F0A-A488-6A0A99C7584C}.Release|Any CPU.Build.0 = Release|Any CPU
	EndGlobalSection
	GlobalSection(SolutionProperties) = preSolution
		HideSolutionNode = FALSE
	EndGlobalSection
	GlobalSection(ExtensibilityGlobals) = postSolution
		SolutionGuid = {B7F6CA81-F806-4D7B-BB88-33D518B4F766}
	EndGlobalSection
EndGlobal
